
Microsoft Visual Studio Solution File, Format Version 12.00
# Visual Studio 15
VisualStudioVersion = 15.0.27428.2043
MinimumVisualStudioVersion = 10.0.40219.1
Project("{FAE04EC0-301F-11D3-BF4B-00C04F79EFBC}") = "RussiaX.Android", "RussiaX\RussiaX.Android\RussiaX.Android.csproj", "{259633E2-A914-4528-B250-5A10AA20069B}"
EndProject
Project("{FAE04EC0-301F-11D3-BF4B-00C04F79EFBC}") = "RussiaX.iOS", "RussiaX\RussiaX.iOS\RussiaX.iOS.csproj", "{A7747EDB-B5FB-40DC-9DCF-08258AA8D479}"
EndProject
Project("{FAE04EC0-301F-11D3-BF4B-00C04F79EFBC}") = "RussiaX", "RussiaX\RussiaX\RussiaX.csproj", "{A38AC810-DAD6-41F8-80C9-2C1BD1F062E2}"
EndProject
Global
	GlobalSection(SolutionConfigurationPlatforms) = preSolution
		Ad-Hoc|Any CPU = Ad-Hoc|Any CPU
		Ad-Hoc|iPhone = Ad-Hoc|iPhone
		Ad-Hoc|iPhoneSimulator = Ad-Hoc|iPhoneSimulator
		AppStore|Any CPU = AppStore|Any CPU
		AppStore|iPhone = AppStore|iPhone
		AppStore|iPhoneSimulator = AppStore|iPhoneSimulator
		Debug|Any CPU = Debug|Any CPU
		Debug|iPhone = Debug|iPhone
		Debug|iPhoneSimulator = Debug|iPhoneSimulator
		Release|Any CPU = Release|Any CPU
		Release|iPhone = Release|iPhone
		Release|iPhoneSimulator = Release|iPhoneSimulator
	EndGlobalSection
	GlobalSection(ProjectConfigurationPlatforms) = postSolution
		{259633E2-A914-4528-B250-5A10AA20069B}.Ad-Hoc|Any CPU.ActiveCfg = Release|Any CPU
		{259633E2-A914-4528-B250-5A10AA20069B}.Ad-Hoc|Any CPU.Build.0 = Release|Any CPU
		{259633E2-A914-4528-B250-5A10AA20069B}.Ad-Hoc|Any CPU.Deploy.0 = Release|Any CPU
		{259633E2-A914-4528-B250-5A10AA20069B}.Ad-Hoc|iPhone.ActiveCfg = Release|Any CPU
		{259633E2-A914-4528-B250-5A10AA20069B}.Ad-Hoc|iPhone.Build.0 = Release|Any CPU
		{259633E2-A914-4528-B250-5A10AA20069B}.Ad-Hoc|iPhone.Deploy.0 = Release|Any CPU
		{259633E2-A914-4528-B250-5A10AA20069B}.Ad-Hoc|iPhoneSimulator.ActiveCfg = Release|Any CPU
		{259633E2-A914-4528-B250-5A10AA20069B}.Ad-Hoc|iPhoneSimulator.Build.0 = Release|Any CPU
		{259633E2-A914-4528-B250-5A10AA20069B}.Ad-Hoc|iPhoneSimulator.Deploy.0 = Release|Any CPU
		{259633E2-A914-4528-B250-5A10AA20069B}.AppStore|Any CPU.ActiveCfg = Release|Any CPU
		{259633E2-A914-4528-B250-5A10AA20069B}.AppStore|Any CPU.Build.0 = Release|Any CPU
		{259633E2-A914-4528-B250-5A10AA20069B}.AppStore|Any CPU.Deploy.0 = Release|Any CPU
		{259633E2-A914-4528-B250-5A10AA20069B}.AppStore|iPhone.ActiveCfg = Release|Any CPU
		{259633E2-A914-4528-B250-5A10AA20069B}.AppStore|iPhone.Build.0 = Release|Any CPU
		{259633E2-A914-4528-B250-5A10AA20069B}.AppStore|iPhone.Deploy.0 = Release|Any CPU
		{259633E2-A914-4528-B250-5A10AA20069B}.AppStore|iPhoneSimulator.ActiveCfg = Release|Any CPU
		{259633E2-A914-4528-B250-5A10AA20069B}.AppStore|iPhoneSimulator.Build.0 = Release|Any CPU
		{259633E2-A914-4528-B250-5A10AA20069B}.AppStore|iPhoneSimulator.Deploy.0 = Release|Any CPU
		{259633E2-A914-4528-B250-5A10AA20069B}.Debug|Any CPU.ActiveCfg = Debug|Any CPU
		{259633E2-A914-4528-B250-5A10AA20069B}.Debug|Any CPU.Build.0 = Debug|Any CPU
		{259633E2-A914-4528-B250-5A10AA20069B}.Debug|Any CPU.Deploy.0 = Debug|Any CPU
		{259633E2-A914-4528-B250-5A10AA20069B}.Debug|iPhone.ActiveCfg = Debug|Any CPU
		{259633E2-A914-4528-B250-5A10AA20069B}.Debug|iPhone.Build.0 = Debug|Any CPU
		{259633E2-A914-4528-B250-5A10AA20069B}.Debug|iPhone.Deploy.0 = Debug|Any CPU
		{259633E2-A914-4528-B250-5A10AA20069B}.Debug|iPhoneSimulator.ActiveCfg = Debug|Any CPU
		{259633E2-A914-4528-B250-5A10AA20069B}.Debug|iPhoneSimulator.Build.0 = Debug|Any CPU
		{259633E2-A914-4528-B250-5A10AA20069B}.Debug|iPhoneSimulator.Deploy.0 = Debug|Any CPU
		{259633E2-A914-4528-B250-5A10AA20069B}.Release|Any CPU.ActiveCfg = Release|Any CPU
		{259633E2-A914-4528-B250-5A10AA20069B}.Release|Any CPU.Build.0 = Release|Any CPU
		{259633E2-A914-4528-B250-5A10AA20069B}.Release|Any CPU.Deploy.0 = Release|Any CPU
		{259633E2-A914-4528-B250-5A10AA20069B}.Release|iPhone.ActiveCfg = Release|Any CPU
		{259633E2-A914-4528-B250-5A10AA20069B}.Release|iPhone.Build.0 = Release|Any CPU
		{259633E2-A914-4528-B250-5A10AA20069B}.Release|iPhone.Deploy.0 = Release|Any CPU
		{259633E2-A914-4528-B250-5A10AA20069B}.Release|iPhoneSimulator.ActiveCfg = Release|Any CPU
		{259633E2-A914-4528-B250-5A10AA20069B}.Release|iPhoneSimulator.Build.0 = Release|Any CPU
		{259633E2-A914-4528-B250-5A10AA20069B}.Release|iPhoneSimulator.Deploy.0 = Release|Any CPU
		{A7747EDB-B5FB-40DC-9DCF-08258AA8D479}.Ad-Hoc|Any CPU.ActiveCfg = Ad-Hoc|iPhone
		{A7747EDB-B5FB-40DC-9DCF-08258AA8D479}.Ad-Hoc|iPhone.ActiveCfg = Ad-Hoc|iPhone
		{A7747EDB-B5FB-40DC-9DCF-08258AA8D479}.Ad-Hoc|iPhone.Build.0 = Ad-Hoc|iPhone
		{A7747EDB-B5FB-40DC-9DCF-08258AA8D479}.Ad-Hoc|iPhoneSimulator.ActiveCfg = Ad-Hoc|iPhoneSimulator
		{A7747EDB-B5FB-40DC-9DCF-08258AA8D479}.Ad-Hoc|iPhoneSimulator.Build.0 = Ad-Hoc|iPhoneSimulator
		{A7747EDB-B5FB-40DC-9DCF-08258AA8D479}.AppStore|Any CPU.ActiveCfg = AppStore|iPhone
		{A7747EDB-B5FB-40DC-9DCF-08258AA8D479}.AppStore|iPhone.ActiveCfg = AppStore|iPhone
		{A7747EDB-B5FB-40DC-9DCF-08258AA8D479}.AppStore|iPhone.Build.0 = AppStore|iPhone
		{A7747EDB-B5FB-40DC-9DCF-08258AA8D479}.AppStore|iPhoneSimulator.ActiveCfg = AppStore|iPhoneSimulator
		{A7747EDB-B5FB-40DC-9DCF-08258AA8D479}.AppStore|iPhoneSimulator.Build.0 = AppStore|iPhoneSimulator
		{A7747EDB-B5FB-40DC-9DCF-08258AA8D479}.Debug|Any CPU.ActiveCfg = Debug|iPhone
		{A7747EDB-B5FB-40DC-9DCF-08258AA8D479}.Debug|iPhone.ActiveCfg = Debug|iPhone
		{A7747EDB-B5FB-40DC-9DCF-08258AA8D479}.Debug|iPhone.Build.0 = Debug|iPhone
		{A7747EDB-B5FB-40DC-9DCF-08258AA8D479}.Debug|iPhoneSimulator.ActiveCfg = Debug|iPhoneSimulator
		{A7747EDB-B5FB-40DC-9DCF-08258AA8D479}.Debug|iPhoneSimulator.Build.0 = Debug|iPhoneSimulator
		{A7747EDB-B5FB-40DC-9DCF-08258AA8D479}.Release|Any CPU.ActiveCfg = Release|iPhone
		{A7747EDB-B5FB-40DC-9DCF-08258AA8D479}.Release|iPhone.ActiveCfg = Release|iPhone
		{A7747EDB-B5FB-40DC-9DCF-08258AA8D479}.Release|iPhone.Build.0 = Release|iPhone
		{A7747EDB-B5FB-40DC-9DCF-08258AA8D479}.Release|iPhoneSimulator.ActiveCfg = Release|iPhoneSimulator
		{A7747EDB-B5FB-40DC-9DCF-08258AA8D479}.Release|iPhoneSimulator.Build.0 = Release|iPhoneSimulator
		{A38AC810-DAD6-41F8-80C9-2C1BD1F062E2}.Ad-Hoc|Any CPU.ActiveCfg = Debug|Any CPU
		{A38AC810-DAD6-41F8-80C9-2C1BD1F062E2}.Ad-Hoc|Any CPU.Build.0 = Debug|Any CPU
		{A38AC810-DAD6-41F8-80C9-2C1BD1F062E2}.Ad-Hoc|iPhone.ActiveCfg = Debug|Any CPU
		{A38AC810-DAD6-41F8-80C9-2C1BD1F062E2}.Ad-Hoc|iPhone.Build.0 = Debug|Any CPU
		{A38AC810-DAD6-41F8-80C9-2C1BD1F062E2}.Ad-Hoc|iPhoneSimulator.ActiveCfg = Debug|Any CPU
		{A38AC810-DAD6-41F8-80C9-2C1BD1F062E2}.Ad-Hoc|iPhoneSimulator.Build.0 = Debug|Any CPU
		{A38AC810-DAD6-41F8-80C9-2C1BD1F062E2}.AppStore|Any CPU.ActiveCfg = Debug|Any CPU
		{A38AC810-DAD6-41F8-80C9-2C1BD1F062E2}.AppStore|Any CPU.Build.0 = Debug|Any CPU
		{A38AC810-DAD6-41F8-80C9-2C1BD1F062E2}.AppStore|iPhone.ActiveCfg = Debug|Any CPU
		{A38AC810-DAD6-41F8-80C9-2C1BD1F062E2}.AppStore|iPhone.Build.0 = Debug|Any CPU
		{A38AC810-DAD6-41F8-80C9-2C1BD1F062E2}.AppStore|iPhoneSimulator.ActiveCfg = Debug|Any CPU
		{A38AC810-DAD6-41F8-80C9-2C1BD1F062E2}.AppStore|iPhoneSimulator.Build.0 = Debug|Any CPU
		{A38AC810-DAD6-41F8-80C9-2C1BD1F062E2}.Debug|Any CPU.ActiveCfg = Debug|Any CPU
		{A38AC810-DAD6-41F8-80C9-2C1BD1F062E2}.Debug|Any CPU.Build.0 = Debug|Any CPU
		{A38AC810-DAD6-41F8-80C9-2C1BD1F062E2}.Debug|iPhone.ActiveCfg = Debug|Any CPU
		{A38AC810-DAD6-41F8-80C9-2C1BD1F062E2}.Debug|iPhone.Build.0 = Debug|Any CPU
		{A38AC810-DAD6-41F8-80C9-2C1BD1F062E2}.Debug|iPhoneSimulator.ActiveCfg = Debug|Any CPU
		{A38AC810-DAD6-41F8-80C9-2C1BD1F062E2}.Debug|iPhoneSimulator.Build.0 = Debug|Any CPU
		{A38AC810-DAD6-41F8-80C9-2C1BD1F062E2}.Release|Any CPU.ActiveCfg = Release|Any CPU
		{A38AC810-DAD6-41F8-80C9-2C1BD1F062E2}.Release|Any CPU.Build.0 = Release|Any CPU
		{A38AC810-DAD6-41F8-80C9-2C1BD1F062E2}.Release|iPhone.ActiveCfg = Release|Any CPU
		{A38AC810-DAD6-41F8-80C9-2C1BD1F062E2}.Release|iPhone.Build.0 = Release|Any CPU
		{A38AC810-DAD6-41F8-80C9-2C1BD1F062E2}.Release|iPhoneSimulator.ActiveCfg = Release|Any CPU
		{A38AC810-DAD6-41F8-80C9-2C1BD1F062E2}.Release|iPhoneSimulator.Build.0 = Release|Any CPU
	EndGlobalSection
	GlobalSection(SolutionProperties) = preSolution
		HideSolutionNode = FALSE
	EndGlobalSection
	GlobalSection(ExtensibilityGlobals) = postSolution
		SolutionGuid = {4474BED8-75D9-4934-A0B1-2A8BBB9C7C24}
	EndGlobalSection
EndGlobal
